
Microsoft Visual Studio Solution File, Format Version 12.00
# Visual Studio 15
VisualStudioVersion = 15.0.28307.489
MinimumVisualStudioVersion = 10.0.40219.1
Project("{FAE04EC0-301F-11D3-BF4B-00C04F79EFBC}") = "Heranca", "Heranca\Heranca.csproj", "{02707AE5-D0EF-4B8C-8773-3C56481D361C}"
EndProject
Global
	GlobalSection(SolutionConfigurationPlatforms) = preSolution
		Debug|Any CPU = Debug|Any CPU
		Release|Any CPU = Release|Any CPU
	EndGlobalSection
	GlobalSection(ProjectConfigurationPlatforms) = postSolution
		{02707AE5-D0EF-4B8C-8773-3C56481D361C}.Debug|Any CPU.ActiveCfg = Debug|Any CPU
		{02707AE5-D0EF-4B8C-8773-3C56481D361C}.Debug|Any CPU.Build.0 = Debug|Any CPU
		{02707AE5-D0EF-4B8C-8773-3C56481D361C}.Release|Any CPU.ActiveCfg = Release|Any CPU
		{02707AE5-D0EF-4B8C-8773-3C56481D361C}.Release|Any CPU.Build.0 = Release|Any CPU
	EndGlobalSection
	GlobalSection(SolutionProperties) = preSolution
		HideSolutionNode = FALSE
	EndGlobalSection
	GlobalSection(ExtensibilityGlobals) = postSolution
		SolutionGuid = {A398B82A-7632-4CBD-9FC7-51811B2A7B25}
	EndGlobalSection
EndGlobal
